
Microsoft Visual Studio Solution File, Format Version 12.00
Project("{FAE04EC0-301F-11D3-BF4B-00C04F79EFBC}") = "My.Test.Library.Domain", "..\Standard\My.Test.Library.Domain\My.Test.Library.Domain.csproj", "{1CECED12-2B89-42E0-BA56-0F0C6D28A5AF}"
EndProject
Project("{FAE04EC0-301F-11D3-BF4B-00C04F79EFBC}") = "My.Test.Library.N.Unit.Tests", "My.Test.Library.N.Unit.Tests\My.Test.Library.N.Unit.Tests.csproj", "{95D6512B-3DDE-4459-9BDF-9844361F0CFE}"
EndProject
Project("{FAE04EC0-301F-11D3-BF4B-00C04F79EFBC}") = "My.Test.Library.X.Unit.Tests", "My.Test.Library.X.Unit.Tests\My.Test.Library.X.Unit.Tests.csproj", "{1E871503-BBE5-4029-877F-4EC31E2AAF17}"
EndProject
Project("{FAE04EC0-301F-11D3-BF4B-00C04F79EFBC}") = "My.Test.Library.MsTest.Unit.Tests", "My.Test.Library.MsTest.Unit.Tests\My.Test.Library.MsTest.Unit.Tests.csproj", "{FDE2AB8B-FAA9-45A5-A9CB-968B925434E7}"
EndProject
Global
	GlobalSection(SolutionConfigurationPlatforms) = preSolution
		Debug|Any CPU = Debug|Any CPU
		Release|Any CPU = Release|Any CPU
	EndGlobalSection
	GlobalSection(ProjectConfigurationPlatforms) = postSolution
		{1CECED12-2B89-42E0-BA56-0F0C6D28A5AF}.Debug|Any CPU.ActiveCfg = Debug|Any CPU
		{1CECED12-2B89-42E0-BA56-0F0C6D28A5AF}.Debug|Any CPU.Build.0 = Debug|Any CPU
		{1CECED12-2B89-42E0-BA56-0F0C6D28A5AF}.Release|Any CPU.ActiveCfg = Release|Any CPU
		{1CECED12-2B89-42E0-BA56-0F0C6D28A5AF}.Release|Any CPU.Build.0 = Release|Any CPU
		{95D6512B-3DDE-4459-9BDF-9844361F0CFE}.Debug|Any CPU.ActiveCfg = Debug|Any CPU
		{95D6512B-3DDE-4459-9BDF-9844361F0CFE}.Debug|Any CPU.Build.0 = Debug|Any CPU
		{95D6512B-3DDE-4459-9BDF-9844361F0CFE}.Release|Any CPU.ActiveCfg = Release|Any CPU
		{95D6512B-3DDE-4459-9BDF-9844361F0CFE}.Release|Any CPU.Build.0 = Release|Any CPU
		{1E871503-BBE5-4029-877F-4EC31E2AAF17}.Debug|Any CPU.ActiveCfg = Debug|Any CPU
		{1E871503-BBE5-4029-877F-4EC31E2AAF17}.Debug|Any CPU.Build.0 = Debug|Any CPU
		{1E871503-BBE5-4029-877F-4EC31E2AAF17}.Release|Any CPU.ActiveCfg = Release|Any CPU
		{1E871503-BBE5-4029-877F-4EC31E2AAF17}.Release|Any CPU.Build.0 = Release|Any CPU
		{FDE2AB8B-FAA9-45A5-A9CB-968B925434E7}.Debug|Any CPU.ActiveCfg = Debug|Any CPU
		{FDE2AB8B-FAA9-45A5-A9CB-968B925434E7}.Debug|Any CPU.Build.0 = Debug|Any CPU
		{FDE2AB8B-FAA9-45A5-A9CB-968B925434E7}.Release|Any CPU.ActiveCfg = Release|Any CPU
		{FDE2AB8B-FAA9-45A5-A9CB-968B925434E7}.Release|Any CPU.Build.0 = Release|Any CPU
	EndGlobalSection
EndGlobal
